
Microsoft Visual Studio Solution File, Format Version 12.00
# Visual Studio Version 16
VisualStudioVersion = 16.0.29926.136
MinimumVisualStudioVersion = 10.0.40219.1
Project("{FAE04EC0-301F-11D3-BF4B-00C04F79EFBC}") = "TemplateAPI", "TemplateAPI\TemplateAPI.csproj", "{430E504F-6FEC-427E-B6C6-B53E59DBCCFB}"
EndProject
Global
	GlobalSection(SolutionConfigurationPlatforms) = preSolution
		Debug|Any CPU = Debug|Any CPU
		Release|Any CPU = Release|Any CPU
	EndGlobalSection
	GlobalSection(ProjectConfigurationPlatforms) = postSolution
		{430E504F-6FEC-427E-B6C6-B53E59DBCCFB}.Debug|Any CPU.ActiveCfg = Debug|Any CPU
		{430E504F-6FEC-427E-B6C6-B53E59DBCCFB}.Debug|Any CPU.Build.0 = Debug|Any CPU
		{430E504F-6FEC-427E-B6C6-B53E59DBCCFB}.Release|Any CPU.ActiveCfg = Release|Any CPU
		{430E504F-6FEC-427E-B6C6-B53E59DBCCFB}.Release|Any CPU.Build.0 = Release|Any CPU
	EndGlobalSection
	GlobalSection(SolutionProperties) = preSolution
		HideSolutionNode = FALSE
	EndGlobalSection
	GlobalSection(ExtensibilityGlobals) = postSolution
		SolutionGuid = {3F57CDC7-B933-4895-8A37-B4281047E75F}
	EndGlobalSection
EndGlobal
